
Microsoft Visual Studio Solution File, Format Version 12.00
# Visual Studio 15
VisualStudioVersion = 15.0.26730.15
MinimumVisualStudioVersion = 10.0.40219.1
Project("{FAE04EC0-301F-11D3-BF4B-00C04F79EFBC}") = "Battery", "Battery\Battery.csproj", "{0E00DB06-A61A-4ABA-98D3-EF98B618A7EB}"
EndProject
Global
	GlobalSection(SolutionConfigurationPlatforms) = preSolution
		Debug|Any CPU = Debug|Any CPU
		Release|Any CPU = Release|Any CPU
	EndGlobalSection
	GlobalSection(ProjectConfigurationPlatforms) = postSolution
		{0E00DB06-A61A-4ABA-98D3-EF98B618A7EB}.Debug|Any CPU.ActiveCfg = Debug|Any CPU
		{0E00DB06-A61A-4ABA-98D3-EF98B618A7EB}.Debug|Any CPU.Build.0 = Debug|Any CPU
		{0E00DB06-A61A-4ABA-98D3-EF98B618A7EB}.Release|Any CPU.ActiveCfg = Release|Any CPU
		{0E00DB06-A61A-4ABA-98D3-EF98B618A7EB}.Release|Any CPU.Build.0 = Release|Any CPU
	EndGlobalSection
	GlobalSection(SolutionProperties) = preSolution
		HideSolutionNode = FALSE
	EndGlobalSection
	GlobalSection(ExtensibilityGlobals) = postSolution
		SolutionGuid = {BB8B288F-01A1-4FA6-8067-15A3F31817E3}
	EndGlobalSection
EndGlobal
